// !$*UTF8*$!
{
	archiveVersion = 1;
	classes = {
	};
	objectVersion = 77;
	objects = {

/* Begin PBXBuildFile section */
		7D3377272F67FBC100DA8BED /* WidgetKit.framework in Frameworks */ = {isa = PBXBuildFile; fileRef = 7D3377262F67FBC100DA8BED /* WidgetKit.framework */; };
		7D3377292F67FBC100DA8BED /* SwiftUI.framework in Frameworks */ = {isa = PBXBuildFile; fileRef = 7D3377282F67FBC100DA8BED /* SwiftUI.framework */; };
		7D3377362F67FBC300DA8BED /* HabitLockscreenWidgetExtensionExtension.appex in Embed Foundation Extensions */ = {isa = PBXBuildFile; fileRef = 7D3377242F67FBC100DA8BED /* HabitLockscreenWidgetExtensionExtension.appex */; settings = {ATTRIBUTES = (RemoveHeadersOnCopy, ); }; };
/* End PBXBuildFile section */

/* Begin PBXContainerItemProxy section */
		7D3377002F67F6D400DA8BED /* PBXContainerItemProxy */ = {
			isa = PBXContainerItemProxy;
			containerPortal = 7D3376E72F67F6D200DA8BED /* Project object */;
			proxyType = 1;
			remoteGlobalIDString = 7D3376EE2F67F6D200DA8BED;
			remoteInfo = habit_track;
		};
		7D33770A2F67F6D400DA8BED /* PBXContainerItemProxy */ = {
			isa = PBXContainerItemProxy;
			containerPortal = 7D3376E72F67F6D200DA8BED /* Project object */;
			proxyType = 1;
			remoteGlobalIDString = 7D3376EE2F67F6D200DA8BED;
			remoteInfo = habit_track;
		};
		7D3377342F67FBC300DA8BED /* PBXContainerItemProxy */ = {
			isa = PBXContainerItemProxy;
			containerPortal = 7D3376E72F67F6D200DA8BED /* Project object */;
			proxyType = 1;
			remoteGlobalIDString = 7D3377232F67FBC100DA8BED;
			remoteInfo = HabitLockscreenWidgetExtensionExtension;
		};
/* End PBXContainerItemProxy section */

/* Begin PBXCopyFilesBuildPhase section */
		7D33773B2F67FBC300DA8BED /* Embed Foundation Extensions */ = {
			isa = PBXCopyFilesBuildPhase;
			buildActionMask = 2147483647;
			dstPath = "";
			dstSubfolderSpec = 13;
			files = (
				7D3377362F67FBC300DA8BED /* HabitLockscreenWidgetExtensionExtension.appex in Embed Foundation Extensions */,
			);
			name = "Embed Foundation Extensions";
			runOnlyForDeploymentPostprocessing = 0;
		};
/* End PBXCopyFilesBuildPhase section */

/* Begin PBXFileReference section */
		7D3376EF2F67F6D200DA8BED /* habit_track.app */ = {isa = PBXFileReference; explicitFileType = wrapper.application; includeInIndex = 0; path = habit_track.app; sourceTree = BUILT_PRODUCTS_DIR; };
		7D3376FF2F67F6D400DA8BED /* habit_trackTests.xctest */ = {isa = PBXFileReference; explicitFileType = wrapper.cfbundle; includeInIndex = 0; path = habit_trackTests.xctest; sourceTree = BUILT_PRODUCTS_DIR; };
		7D3377092F67F6D400DA8BED /* habit_trackUITests.xctest */ = {isa = PBXFileReference; explicitFileType = wrapper.cfbundle; includeInIndex = 0; path = habit_trackUITests.xctest; sourceTree = BUILT_PRODUCTS_DIR; };
		7D3377242F67FBC100DA8BED /* HabitLockscreenWidgetExtensionExtension.appex */ = {isa = PBXFileReference; explicitFileType = "wrapper.app-extension"; includeInIndex = 0; path = HabitLockscreenWidgetExtensionExtension.appex; sourceTree = BUILT_PRODUCTS_DIR; };
		7D3377262F67FBC100DA8BED /* WidgetKit.framework */ = {isa = PBXFileReference; lastKnownFileType = wrapper.framework; name = WidgetKit.framework; path = System/Library/Frameworks/WidgetKit.framework; sourceTree = SDKROOT; };
		7D3377282F67FBC100DA8BED /* SwiftUI.framework */ = {isa = PBXFileReference; lastKnownFileType = wrapper.framework; name = SwiftUI.framework; path = System/Library/Frameworks/SwiftUI.framework; sourceTree = SDKROOT; };
		7D3377462F6810C900DA8BED /* HabitLockscreenWidgetExtensionExtension.entitlements */ = {isa = PBXFileReference; lastKnownFileType = text.plist.entitlements; path = HabitLockscreenWidgetExtensionExtension.entitlements; sourceTree = "<group>"; };
/* End PBXFileReference section */

/* Begin PBXFileSystemSynchronizedBuildFileExceptionSet section */
		7D3377372F67FBC300DA8BED /* Exceptions for "HabitLockscreenWidgetExtension" folder in "HabitLockscreenWidgetExtensionExtension" target */ = {
			isa = PBXFileSystemSynchronizedBuildFileExceptionSet;
			membershipExceptions = (
				Info.plist,
			);
			target = 7D3377232F67FBC100DA8BED /* HabitLockscreenWidgetExtensionExtension */;
		};
		7D33773D2F67FC7900DA8BED /* Exceptions for "habit_track" folder in "HabitLockscreenWidgetExtensionExtension" target */ = {
			isa = PBXFileSystemSynchronizedBuildFileExceptionSet;
			membershipExceptions = (
				Assets.xcassets,
				HabitLockscreenWidget.swift,
				HabitStorage.swift,
				HabitWidgetEntity.swift,
			);
			target = 7D3377232F67FBC100DA8BED /* HabitLockscreenWidgetExtensionExtension */;
		};
		7D3377402F67FD2100DA8BED /* Exceptions for "HabitLockscreenWidgetExtension" folder in "habit_track" target */ = {
			isa = PBXFileSystemSynchronizedBuildFileExceptionSet;
			membershipExceptions = (
				HabitLockscreenWidgetExtension.swift,
			);
			target = 7D3376EE2F67F6D200DA8BED /* habit_track */;
		};
/* End PBXFileSystemSynchronizedBuildFileExceptionSet section */

/* Begin PBXFileSystemSynchronizedRootGroup section */
		7D3376F12F67F6D200DA8BED /* habit_track */ = {
			isa = PBXFileSystemSynchronizedRootGroup;
			exceptions = (
				7D33773D2F67FC7900DA8BED /* Exceptions for "habit_track" folder in "HabitLockscreenWidgetExtensionExtension" target */,
			);
			path = habit_track;
			sourceTree = "<group>";
		};
		7D3377022F67F6D400DA8BED /* habit_trackTests */ = {
			isa = PBXFileSystemSynchronizedRootGroup;
			path = habit_trackTests;
			sourceTree = "<group>";
		};
		7D33770C2F67F6D400DA8BED /* habit_trackUITests */ = {
			isa = PBXFileSystemSynchronizedRootGroup;
			path = habit_trackUITests;
			sourceTree = "<group>";
		};
		7D33772A2F67FBC100DA8BED /* HabitLockscreenWidgetExtension */ = {
			isa = PBXFileSystemSynchronizedRootGroup;
			exceptions = (
				7D3377402F67FD2100DA8BED /* Exceptions for "HabitLockscreenWidgetExtension" folder in "habit_track" target */,
				7D3377372F67FBC300DA8BED /* Exceptions for "HabitLockscreenWidgetExtension" folder in "HabitLockscreenWidgetExtensionExtension" target */,
			);
			path = HabitLockscreenWidgetExtension;
			sourceTree = "<group>";
		};
/* End PBXFileSystemSynchronizedRootGroup section */

/* Begin PBXFrameworksBuildPhase section */
		7D3376EC2F67F6D200DA8BED /* Frameworks */ = {
			isa = PBXFrameworksBuildPhase;
			buildActionMask = 2147483647;
			files = (
			);
			runOnlyForDeploymentPostprocessing = 0;
		};
		7D3376FC2F67F6D400DA8BED /* Frameworks */ = {
			isa = PBXFrameworksBuildPhase;
			buildActionMask = 2147483647;
			files = (
			);
			runOnlyForDeploymentPostprocessing = 0;
		};
		7D3377062F67F6D400DA8BED /* Frameworks */ = {
			isa = PBXFrameworksBuildPhase;
			buildActionMask = 2147483647;
			files = (
			);
			runOnlyForDeploymentPostprocessing = 0;
		};
		7D3377212F67FBC100DA8BED /* Frameworks */ = {
			isa = PBXFrameworksBuildPhase;
			buildActionMask = 2147483647;
			files = (
				7D3377292F67FBC100DA8BED /* SwiftUI.framework in Frameworks */,
				7D3377272F67FBC100DA8BED /* WidgetKit.framework in Frameworks */,
			);
			runOnlyForDeploymentPostprocessing = 0;
		};
/* End PBXFrameworksBuildPhase section */

/* Begin PBXGroup section */
		7D3376E62F67F6D200DA8BED = {
			isa = PBXGroup;
			children = (
				7D3377462F6810C900DA8BED /* HabitLockscreenWidgetExtensionExtension.entitlements */,
				7D3376F12F67F6D200DA8BED /* habit_track */,
				7D3377022F67F6D400DA8BED /* habit_trackTests */,
				7D33770C2F67F6D400DA8BED /* habit_trackUITests */,
				7D33772A2F67FBC100DA8BED /* HabitLockscreenWidgetExtension */,
				7D3377252F67FBC100DA8BED /* Frameworks */,
				7D3376F02F67F6D200DA8BED /* Products */,
			);
			sourceTree = "<group>";
		};
		7D3376F02F67F6D200DA8BED /* Products */ = {
			isa = PBXGroup;
			children = (
				7D3376EF2F67F6D200DA8BED /* habit_track.app */,
				7D3376FF2F67F6D400DA8BED /* habit_trackTests.xctest */,
				7D3377092F67F6D400DA8BED /* habit_trackUITests.xctest */,
				7D3377242F67FBC100DA8BED /* HabitLockscreenWidgetExtensionExtension.appex */,
			);
			name = Products;
			sourceTree = "<group>";
		};
		7D3377252F67FBC100DA8BED /* Frameworks */ = {
			isa = PBXGroup;
			children = (
				7D3377262F67FBC100DA8BED /* WidgetKit.framework */,
				7D3377282F67FBC100DA8BED /* SwiftUI.framework */,
			);
			name = Frameworks;
			sourceTree = "<group>";
		};
/* End PBXGroup section */

/* Begin PBXNativeTarget section */
		7D3376EE2F67F6D200DA8BED /* habit_track */ = {
			isa = PBXNativeTarget;
			buildConfigurationList = 7D3377132F67F6D400DA8BED /* Build configuration list for PBXNativeTarget "habit_track" */;
			buildPhases = (
				7D3376EB2F67F6D200DA8BED /* Sources */,
				7D3376EC2F67F6D200DA8BED /* Frameworks */,
				7D3376ED2F67F6D200DA8BED /* Resources */,
				7D33773B2F67FBC300DA8BED /* Embed Foundation Extensions */,
			);
			buildRules = (
			);
			dependencies = (
				7D3377352F67FBC300DA8BED /* PBXTargetDependency */,
			);
			fileSystemSynchronizedGroups = (
				7D3376F12F67F6D200DA8BED /* habit_track */,
			);
			name = habit_track;
			packageProductDependencies = (
			);
			productName = habit_track;
			productReference = 7D3376EF2F67F6D200DA8BED /* habit_track.app */;
			productType = "com.apple.product-type.application";
		};
		7D3376FE2F67F6D400DA8BED /* habit_trackTests */ = {
			isa = PBXNativeTarget;
			buildConfigurationList = 7D3377162F67F6D400DA8BED /* Build configuration list for PBXNativeTarget "habit_trackTests" */;
			buildPhases = (
				7D3376FB2F67F6D400DA8BED /* Sources */,
				7D3376FC2F67F6D400DA8BED /* Frameworks */,
				7D3376FD2F67F6D400DA8BED /* Resources */,
			);
			buildRules = (
			);
			dependencies = (
				7D3377012F67F6D400DA8BED /* PBXTargetDependency */,
			);
			fileSystemSynchronizedGroups = (
				7D3377022F67F6D400DA8BED /* habit_trackTests */,
			);
			name = habit_trackTests;
			packageProductDependencies = (
			);
			productName = habit_trackTests;
			productReference = 7D3376FF2F67F6D400DA8BED /* habit_trackTests.xctest */;
			productType = "com.apple.product-type.bundle.unit-test";
		};
		7D3377082F67F6D400DA8BED /* habit_trackUITests */ = {
			isa = PBXNativeTarget;
			buildConfigurationList = 7D3377192F67F6D400DA8BED /* Build configuration list for PBXNativeTarget "habit_trackUITests" */;
			buildPhases = (
				7D3377052F67F6D400DA8BED /* Sources */,
				7D3377062F67F6D400DA8BED /* Frameworks */,
				7D3377072F67F6D400DA8BED /* Resources */,
			);
			buildRules = (
			);
			dependencies = (
				7D33770B2F67F6D400DA8BED /* PBXTargetDependency */,
			);
			fileSystemSynchronizedGroups = (
				7D33770C2F67F6D400DA8BED /* habit_trackUITests */,
			);
			name = habit_trackUITests;
			packageProductDependencies = (
			);
			productName = habit_trackUITests;
			productReference = 7D3377092F67F6D400DA8BED /* habit_trackUITests.xctest */;
			productType = "com.apple.product-type.bundle.ui-testing";
		};
		7D3377232F67FBC100DA8BED /* HabitLockscreenWidgetExtensionExtension */ = {
			isa = PBXNativeTarget;
			buildConfigurationList = 7D3377382F67FBC300DA8BED /* Build configuration list for PBXNativeTarget "HabitLockscreenWidgetExtensionExtension" */;
			buildPhases = (
				7D3377202F67FBC100DA8BED /* Sources */,
				7D3377212F67FBC100DA8BED /* Frameworks */,
				7D3377222F67FBC100DA8BED /* Resources */,
			);
			buildRules = (
			);
			dependencies = (
			);
			fileSystemSynchronizedGroups = (
				7D33772A2F67FBC100DA8BED /* HabitLockscreenWidgetExtension */,
			);
			name = HabitLockscreenWidgetExtensionExtension;
			packageProductDependencies = (
			);
			productName = HabitLockscreenWidgetExtensionExtension;
			productReference = 7D3377242F67FBC100DA8BED /* HabitLockscreenWidgetExtensionExtension.appex */;
			productType = "com.apple.product-type.app-extension";
		};
/* End PBXNativeTarget section */

/* Begin PBXProject section */
		7D3376E72F67F6D200DA8BED /* Project object */ = {
			isa = PBXProject;
			attributes = {
				BuildIndependentTargetsInParallel = 1;
				LastSwiftUpdateCheck = 1610;
				LastUpgradeCheck = 1610;
				TargetAttributes = {
					7D3376EE2F67F6D200DA8BED = {
						CreatedOnToolsVersion = 16.1;
					};
					7D3376FE2F67F6D400DA8BED = {
						CreatedOnToolsVersion = 16.1;
						TestTargetID = 7D3376EE2F67F6D200DA8BED;
					};
					7D3377082F67F6D400DA8BED = {
						CreatedOnToolsVersion = 16.1;
						TestTargetID = 7D3376EE2F67F6D200DA8BED;
					};
					7D3377232F67FBC100DA8BED = {
						CreatedOnToolsVersion = 16.1;
					};
				};
			};
			buildConfigurationList = 7D3376EA2F67F6D200DA8BED /* Build configuration list for PBXProject "habit_track" */;
			developmentRegion = en;
			hasScannedForEncodings = 0;
			knownRegions = (
				en,
				Base,
			);
			mainGroup = 7D3376E62F67F6D200DA8BED;
			minimizedProjectReferenceProxies = 1;
			preferredProjectObjectVersion = 77;
			productRefGroup = 7D3376F02F67F6D200DA8BED /* Products */;
			projectDirPath = "";
			projectRoot = "";
			targets = (
				7D3376EE2F67F6D200DA8BED /* habit_track */,
				7D3376FE2F67F6D400DA8BED /* habit_trackTests */,
				7D3377082F67F6D400DA8BED /* habit_trackUITests */,
				7D3377232F67FBC100DA8BED /* HabitLockscreenWidgetExtensionExtension */,
			);
		};
/* End PBXProject section */

/* Begin PBXResourcesBuildPhase section */
		7D3376ED2F67F6D200DA8BED /* Resources */ = {
			isa = PBXResourcesBuildPhase;
			buildActionMask = 2147483647;
			files = (
			);
			runOnlyForDeploymentPostprocessing = 0;
		};
		7D3376FD2F67F6D400DA8BED /* Resources */ = {
			isa = PBXResourcesBuildPhase;
			buildActionMask = 2147483647;
			files = (
			);
			runOnlyForDeploymentPostprocessing = 0;
		};
		7D3377072F67F6D400DA8BED /* Resources */ = {
			isa = PBXResourcesBuildPhase;
			buildActionMask = 2147483647;
			files = (
			);
			runOnlyForDeploymentPostprocessing = 0;
		};
		7D3377222F67FBC100DA8BED /* Resources */ = {
			isa = PBXResourcesBuildPhase;
			buildActionMask = 2147483647;
			files = (
			);
			runOnlyForDeploymentPostprocessing = 0;
		};
/* End PBXResourcesBuildPhase section */

/* Begin PBXSourcesBuildPhase section */
		7D3376EB2F67F6D200DA8BED /* Sources */ = {
			isa = PBXSourcesBuildPhase;
			buildActionMask = 2147483647;
			files = (
			);
			runOnlyForDeploymentPostprocessing = 0;
		};
		7D3376FB2F67F6D400DA8BED /* Sources */ = {
			isa = PBXSourcesBuildPhase;
			buildActionMask = 2147483647;
			files = (
			);
			runOnlyForDeploymentPostprocessing = 0;
		};
		7D3377052F67F6D400DA8BED /* Sources */ = {
			isa = PBXSourcesBuildPhase;
			buildActionMask = 2147483647;
			files = (
			);
			runOnlyForDeploymentPostprocessing = 0;
		};
		7D3377202F67FBC100DA8BED /* Sources */ = {
			isa = PBXSourcesBuildPhase;
			buildActionMask = 2147483647;
			files = (
			);
			runOnlyForDeploymentPostprocessing = 0;
		};
/* End PBXSourcesBuildPhase section */

/* Begin PBXTargetDependency section */
		7D3377012F67F6D400DA8BED /* PBXTargetDependency */ = {
			isa = PBXTargetDependency;
			target = 7D3376EE2F67F6D200DA8BED /* habit_track */;
			targetProxy = 7D3377002F67F6D400DA8BED /* PBXContainerItemProxy */;
		};
		7D33770B2F67F6D400DA8BED /* PBXTargetDependency */ = {
			isa = PBXTargetDependency;
			target = 7D3376EE2F67F6D200DA8BED /* habit_track */;
			targetProxy = 7D33770A2F67F6D400DA8BED /* PBXContainerItemProxy */;
		};
		7D3377352F67FBC300DA8BED /* PBXTargetDependency */ = {
			isa = PBXTargetDependency;
			target = 7D3377232F67FBC100DA8BED /* HabitLockscreenWidgetExtensionExtension */;
			targetProxy = 7D3377342F67FBC300DA8BED /* PBXContainerItemProxy */;
		};
/* End PBXTargetDependency section */

/* Begin XCBuildConfiguration section */
		7D3377112F67F6D400DA8BED /* Debug */ = {
			isa = XCBuildConfiguration;
			buildSettings = {
				ALWAYS_SEARCH_USER_PATHS = NO;
				ASSETCATALOG_COMPILER_GENERATE_SWIFT_ASSET_SYMBOL_EXTENSIONS = YES;
				CLANG_ANALYZER_NONNULL = YES;
				CLANG_ANALYZER_NUMBER_OBJECT_CONVERSION = YES_AGGRESSIVE;
				CLANG_CXX_LANGUAGE_STANDARD = "gnu++20";
				CLANG_ENABLE_MODULES = YES;
				CLANG_ENABLE_OBJC_ARC = YES;
				CLANG_ENABLE_OBJC_WEAK = YES;
				CLANG_WARN_BLOCK_CAPTURE_AUTORELEASING = YES;
				CLANG_WARN_BOOL_CONVERSION = YES;
				CLANG_WARN_COMMA = YES;
				CLANG_WARN_CONSTANT_CONVERSION = YES;
				CLANG_WARN_DEPRECATED_OBJC_IMPLEMENTATIONS = YES;
				CLANG_WARN_DIRECT_OBJC_ISA_USAGE = YES_ERROR;
				CLANG_WARN_DOCUMENTATION_COMMENTS = YES;
				CLANG_WARN_EMPTY_BODY = YES;
				CLANG_WARN_ENUM_CONVERSION = YES;
				CLANG_WARN_INFINITE_RECURSION = YES;
				CLANG_WARN_INT_CONVERSION = YES;
				CLANG_WARN_NON_LITERAL_NULL_CONVERSION = YES;
				CLANG_WARN_OBJC_IMPLICIT_RETAIN_SELF = YES;
				CLANG_WARN_OBJC_LITERAL_CONVERSION = YES;
				CLANG_WARN_OBJC_ROOT_CLASS = YES_ERROR;
				CLANG_WARN_QUOTED_INCLUDE_IN_FRAMEWORK_HEADER = YES;
				CLANG_WARN_RANGE_LOOP_ANALYSIS = YES;
				CLANG_WARN_STRICT_PROTOTYPES = YES;
				CLANG_WARN_SUSPICIOUS_MOVE = YES;
				CLANG_WARN_UNGUARDED_AVAILABILITY = YES_AGGRESSIVE;
				CLANG_WARN_UNREACHABLE_CODE = YES;
				CLANG_WARN__DUPLICATE_METHOD_MATCH = YES;
				COPY_PHASE_STRIP = NO;
				DEBUG_INFORMATION_FORMAT = dwarf;
				ENABLE_STRICT_OBJC_MSGSEND = YES;
				ENABLE_TESTABILITY = YES;
				ENABLE_USER_SCRIPT_SANDBOXING = YES;
				GCC_C_LANGUAGE_STANDARD = gnu17;
				GCC_DYNAMIC_NO_PIC = NO;
				GCC_NO_COMMON_BLOCKS = YES;
				GCC_OPTIMIZATION_LEVEL = 0;
				GCC_PREPROCESSOR_DEFINITIONS = (
					"DEBUG=1",
					"$(inherited)",
				);
				GCC_WARN_64_TO_32_BIT_CONVERSION = YES;
				GCC_WARN_ABOUT_RETURN_TYPE = YES_ERROR;
				GCC_WARN_UNDECLARED_SELECTOR = YES;
				GCC_WARN_UNINITIALIZED_AUTOS = YES_AGGRESSIVE;
				GCC_WARN_UNUSED_FUNCTION = YES;
				GCC_WARN_UNUSED_VARIABLE = YES;
				IPHONEOS_DEPLOYMENT_TARGET = 18.1;
				LOCALIZATION_PREFERS_STRING_CATALOGS = YES;
				MTL_ENABLE_DEBUG_INFO = INCLUDE_SOURCE;
				MTL_FAST_MATH = YES;
				ONLY_ACTIVE_ARCH = YES;
				SDKROOT = iphoneos;
				SWIFT_ACTIVE_COMPILATION_CONDITIONS = "DEBUG $(inherited)";
				SWIFT_OPTIMIZATION_LEVEL = "-Onone";
			};
			name = Debug;
		};
		7D3377122F67F6D400DA8BED /* Release */ = {
			isa = XCBuildConfiguration;
			buildSettings = {
				ALWAYS_SEARCH_USER_PATHS = NO;
				ASSETCATALOG_COMPILER_GENERATE_SWIFT_ASSET_SYMBOL_EXTENSIONS = YES;
				CLANG_ANALYZER_NONNULL = YES;
				CLANG_ANALYZER_NUMBER_OBJECT_CONVERSION = YES_AGGRESSIVE;
				CLANG_CXX_LANGUAGE_STANDARD = "gnu++20";
				CLANG_ENABLE_MODULES = YES;
				CLANG_ENABLE_OBJC_ARC = YES;
				CLANG_ENABLE_OBJC_WEAK = YES;
				CLANG_WARN_BLOCK_CAPTURE_AUTORELEASING = YES;
				CLANG_WARN_BOOL_CONVERSION = YES;
				CLANG_WARN_COMMA = YES;
				CLANG_WARN_CONSTANT_CONVERSION = YES;
				CLANG_WARN_DEPRECATED_OBJC_IMPLEMENTATIONS = YES;
				CLANG_WARN_DIRECT_OBJC_ISA_USAGE = YES_ERROR;
				CLANG_WARN_DOCUMENTATION_COMMENTS = YES;
				CLANG_WARN_EMPTY_BODY = YES;
				CLANG_WARN_ENUM_CONVERSION = YES;
				CLANG_WARN_INFINITE_RECURSION = YES;
				CLANG_WARN_INT_CONVERSION = YES;
				CLANG_WARN_NON_LITERAL_NULL_CONVERSION = YES;
				CLANG_WARN_OBJC_IMPLICIT_RETAIN_SELF = YES;
				CLANG_WARN_OBJC_LITERAL_CONVERSION = YES;
				CLANG_WARN_OBJC_ROOT_CLASS = YES_ERROR;
				CLANG_WARN_QUOTED_INCLUDE_IN_FRAMEWORK_HEADER = YES;
				CLANG_WARN_RANGE_LOOP_ANALYSIS = YES;
				CLANG_WARN_STRICT_PROTOTYPES = YES;
				CLANG_WARN_SUSPICIOUS_MOVE = YES;
				CLANG_WARN_UNGUARDED_AVAILABILITY = YES_AGGRESSIVE;
				CLANG_WARN_UNREACHABLE_CODE = YES;
				CLANG_WARN__DUPLICATE_METHOD_MATCH = YES;
				COPY_PHASE_STRIP = NO;
				DEBUG_INFORMATION_FORMAT = "dwarf-with-dsym";
				ENABLE_NS_ASSERTIONS = NO;
				ENABLE_STRICT_OBJC_MSGSEND = YES;
				ENABLE_USER_SCRIPT_SANDBOXING = YES;
				GCC_C_LANGUAGE_STANDARD = gnu17;
				GCC_NO_COMMON_BLOCKS = YES;
				GCC_WARN_64_TO_32_BIT_CONVERSION = YES;
				GCC_WARN_ABOUT_RETURN_TYPE = YES_ERROR;
				GCC_WARN_UNDECLARED_SELECTOR = YES;
				GCC_WARN_UNINITIALIZED_AUTOS = YES_AGGRESSIVE;
				GCC_WARN_UNUSED_FUNCTION = YES;
				GCC_WARN_UNUSED_VARIABLE = YES;
				IPHONEOS_DEPLOYMENT_TARGET = 18.1;
				LOCALIZATION_PREFERS_STRING_CATALOGS = YES;
				MTL_ENABLE_DEBUG_INFO = NO;
				MTL_FAST_MATH = YES;
				SDKROOT = iphoneos;
				SWIFT_COMPILATION_MODE = wholemodule;
				VALIDATE_PRODUCT = YES;
			};
			name = Release;
		};
		7D3377142F67F6D400DA8BED /* Debug */ = {
			isa = XCBuildConfiguration;
			buildSettings = {
				ASSETCATALOG_COMPILER_APPICON_NAME = AppIcon;
				ASSETCATALOG_COMPILER_GLOBAL_ACCENT_COLOR_NAME = AccentColor;
				CODE_SIGN_ENTITLEMENTS = habit_track/habit_track.entitlements;
				CODE_SIGN_STYLE = Automatic;
				CURRENT_PROJECT_VERSION = 1;
				DEVELOPMENT_ASSET_PATHS = "\"habit_track/Preview Content\"";
				DEVELOPMENT_TEAM = H8R3Q672P3;
				ENABLE_PREVIEWS = YES;
				GENERATE_INFOPLIST_FILE = YES;
				INFOPLIST_FILE = "habit-track-Info.plist";
				INFOPLIST_KEY_UIApplicationSceneManifest_Generation = YES;
				INFOPLIST_KEY_UIApplicationSupportsIndirectInputEvents = YES;
				INFOPLIST_KEY_UILaunchScreen_Generation = YES;
				INFOPLIST_KEY_UISupportedInterfaceOrientations_iPad = "UIInterfaceOrientationPortrait UIInterfaceOrientationPortraitUpsideDown UIInterfaceOrientationLandscapeLeft UIInterfaceOrientationLandscapeRight";
				INFOPLIST_KEY_UISupportedInterfaceOrientations_iPhone = "UIInterfaceOrientationPortrait UIInterfaceOrientationLandscapeLeft UIInterfaceOrientationLandscapeRight";
				LD_RUNPATH_SEARCH_PATHS = (
					"$(inherited)",
					"@executable_path/Frameworks",
				);
				MARKETING_VERSION = 1.0;
				PRODUCT_BUNDLE_IDENTIFIER = "com.habit-track.habit-track";
				PRODUCT_NAME = "$(TARGET_NAME)";
				SWIFT_EMIT_LOC_STRINGS = YES;
				SWIFT_VERSION = 5.0;
				TARGETED_DEVICE_FAMILY = "1,2";
			};
			name = Debug;
		};
		7D3377152F67F6D400DA8BED /* Release */ = {
			isa = XCBuildConfiguration;
			buildSettings = {
				ASSETCATALOG_COMPILER_APPICON_NAME = AppIcon;
				ASSETCATALOG_COMPILER_GLOBAL_ACCENT_COLOR_NAME = AccentColor;
				CODE_SIGN_ENTITLEMENTS = habit_track/habit_track.entitlements;
				CODE_SIGN_STYLE = Automatic;
				CURRENT_PROJECT_VERSION = 1;
				DEVELOPMENT_ASSET_PATHS = "\"habit_track/Preview Content\"";
				DEVELOPMENT_TEAM = H8R3Q672P3;
				ENABLE_PREVIEWS = YES;
				GENERATE_INFOPLIST_FILE = YES;
				INFOPLIST_FILE = "habit-track-Info.plist";
				INFOPLIST_KEY_UIApplicationSceneManifest_Generation = YES;
				INFOPLIST_KEY_UIApplicationSupportsIndirectInputEvents = YES;
				INFOPLIST_KEY_UILaunchScreen_Generation = YES;
				INFOPLIST_KEY_UISupportedInterfaceOrientations_iPad = "UIInterfaceOrientationPortrait UIInterfaceOrientationPortraitUpsideDown UIInterfaceOrientationLandscapeLeft UIInterfaceOrientationLandscapeRight";
				INFOPLIST_KEY_UISupportedInterfaceOrientations_iPhone = "UIInterfaceOrientationPortrait UIInterfaceOrientationLandscapeLeft UIInterfaceOrientationLandscapeRight";
				LD_RUNPATH_SEARCH_PATHS = (
					"$(inherited)",
					"@executable_path/Frameworks",
				);
				MARKETING_VERSION = 1.0;
				PRODUCT_BUNDLE_IDENTIFIER = "com.habit-track.habit-track";
				PRODUCT_NAME = "$(TARGET_NAME)";
				SWIFT_EMIT_LOC_STRINGS = YES;
				SWIFT_VERSION = 5.0;
				TARGETED_DEVICE_FAMILY = "1,2";
			};
			name = Release;
		};
		7D3377172F67F6D400DA8BED /* Debug */ = {
			isa = XCBuildConfiguration;
			buildSettings = {
				BUNDLE_LOADER = "$(TEST_HOST)";
				CODE_SIGN_STYLE = Automatic;
				CURRENT_PROJECT_VERSION = 1;
				DEVELOPMENT_TEAM = H8R3Q672P3;
				GENERATE_INFOPLIST_FILE = YES;
				IPHONEOS_DEPLOYMENT_TARGET = 18.1;
				MARKETING_VERSION = 1.0;
				PRODUCT_BUNDLE_IDENTIFIER = "com.habit-track.habit-trackTests";
				PRODUCT_NAME = "$(TARGET_NAME)";
				SWIFT_EMIT_LOC_STRINGS = NO;
				SWIFT_VERSION = 5.0;
				TARGETED_DEVICE_FAMILY = "1,2";
				TEST_HOST = "$(BUILT_PRODUCTS_DIR)/habit_track.app/$(BUNDLE_EXECUTABLE_FOLDER_PATH)/habit_track";
			};
			name = Debug;
		};
		7D3377182F67F6D400DA8BED /* Release */ = {
			isa = XCBuildConfiguration;
			buildSettings = {
				BUNDLE_LOADER = "$(TEST_HOST)";
				CODE_SIGN_STYLE = Automatic;
				CURRENT_PROJECT_VERSION = 1;
				DEVELOPMENT_TEAM = H8R3Q672P3;
				GENERATE_INFOPLIST_FILE = YES;
				IPHONEOS_DEPLOYMENT_TARGET = 18.1;
				MARKETING_VERSION = 1.0;
				PRODUCT_BUNDLE_IDENTIFIER = "com.habit-track.habit-trackTests";
				PRODUCT_NAME = "$(TARGET_NAME)";
				SWIFT_EMIT_LOC_STRINGS = NO;
				SWIFT_VERSION = 5.0;
				TARGETED_DEVICE_FAMILY = "1,2";
				TEST_HOST = "$(BUILT_PRODUCTS_DIR)/habit_track.app/$(BUNDLE_EXECUTABLE_FOLDER_PATH)/habit_track";
			};
			name = Release;
		};
		7D33771A2F67F6D400DA8BED /* Debug */ = {
			isa = XCBuildConfiguration;
			buildSettings = {
				CODE_SIGN_STYLE = Automatic;
				CURRENT_PROJECT_VERSION = 1;
				DEVELOPMENT_TEAM = H8R3Q672P3;
				GENERATE_INFOPLIST_FILE = YES;
				MARKETING_VERSION = 1.0;
				PRODUCT_BUNDLE_IDENTIFIER = "com.habit-track.habit-trackUITests";
				PRODUCT_NAME = "$(TARGET_NAME)";
				SWIFT_EMIT_LOC_STRINGS = NO;
				SWIFT_VERSION = 5.0;
				TARGETED_DEVICE_FAMILY = "1,2";
				TEST_TARGET_NAME = habit_track;
			};
			name = Debug;
		};
		7D33771B2F67F6D400DA8BED /* Release */ = {
			isa = XCBuildConfiguration;
			buildSettings = {
				CODE_SIGN_STYLE = Automatic;
				CURRENT_PROJECT_VERSION = 1;
				DEVELOPMENT_TEAM = H8R3Q672P3;
				GENERATE_INFOPLIST_FILE = YES;
				MARKETING_VERSION = 1.0;
				PRODUCT_BUNDLE_IDENTIFIER = "com.habit-track.habit-trackUITests";
				PRODUCT_NAME = "$(TARGET_NAME)";
				SWIFT_EMIT_LOC_STRINGS = NO;
				SWIFT_VERSION = 5.0;
				TARGETED_DEVICE_FAMILY = "1,2";
				TEST_TARGET_NAME = habit_track;
			};
			name = Release;
		};
		7D3377392F67FBC300DA8BED /* Debug */ = {
			isa = XCBuildConfiguration;
			buildSettings = {
				ASSETCATALOG_COMPILER_GLOBAL_ACCENT_COLOR_NAME = AccentColor;
				ASSETCATALOG_COMPILER_WIDGET_BACKGROUND_COLOR_NAME = WidgetBackground;
				CODE_SIGN_ENTITLEMENTS = HabitLockscreenWidgetExtensionExtension.entitlements;
				CODE_SIGN_STYLE = Automatic;
				CURRENT_PROJECT_VERSION = 1;
				DEVELOPMENT_TEAM = H8R3Q672P3;
				GENERATE_INFOPLIST_FILE = YES;
				INFOPLIST_FILE = HabitLockscreenWidgetExtension/Info.plist;
				INFOPLIST_KEY_CFBundleDisplayName = HabitLockscreenWidgetExtension;
				INFOPLIST_KEY_NSHumanReadableCopyright = "";
				IPHONEOS_DEPLOYMENT_TARGET = 17.6;
				LD_RUNPATH_SEARCH_PATHS = (
					"$(inherited)",
					"@executable_path/Frameworks",
					"@executable_path/../../Frameworks",
				);
				MARKETING_VERSION = 1.0;
				PRODUCT_BUNDLE_IDENTIFIER = "com.habit-track.habit-track.HabitLockscreenWidgetExtension";
				PRODUCT_NAME = "$(TARGET_NAME)";
				SKIP_INSTALL = YES;
				SWIFT_EMIT_LOC_STRINGS = YES;
				SWIFT_VERSION = 5.0;
				TARGETED_DEVICE_FAMILY = "1,2";
			};
			name = Debug;
		};
		7D33773A2F67FBC300DA8BED /* Release */ = {
			isa = XCBuildConfiguration;
			buildSettings = {
				ASSETCATALOG_COMPILER_GLOBAL_ACCENT_COLOR_NAME = AccentColor;
				ASSETCATALOG_COMPILER_WIDGET_BACKGROUND_COLOR_NAME = WidgetBackground;
				CODE_SIGN_ENTITLEMENTS = HabitLockscreenWidgetExtensionExtension.entitlements;
				CODE_SIGN_STYLE = Automatic;
				CURRENT_PROJECT_VERSION = 1;
				DEVELOPMENT_TEAM = H8R3Q672P3;
				GENERATE_INFOPLIST_FILE = YES;
				INFOPLIST_FILE = HabitLockscreenWidgetExtension/Info.plist;
				INFOPLIST_KEY_CFBundleDisplayName = HabitLockscreenWidgetExtension;
				INFOPLIST_KEY_NSHumanReadableCopyright = "";
				IPHONEOS_DEPLOYMENT_TARGET = 17.6;
				LD_RUNPATH_SEARCH_PATHS = (
					"$(inherited)",
					"@executable_path/Frameworks",
					"@executable_path/../../Frameworks",
				);
				MARKETING_VERSION = 1.0;
				PRODUCT_BUNDLE_IDENTIFIER = "com.habit-track.habit-track.HabitLockscreenWidgetExtension";
				PRODUCT_NAME = "$(TARGET_NAME)";
				SKIP_INSTALL = YES;
				SWIFT_EMIT_LOC_STRINGS = YES;
				SWIFT_VERSION = 5.0;
				TARGETED_DEVICE_FAMILY = "1,2";
			};
			name = Release;
		};
/* End XCBuildConfiguration section */

/* Begin XCConfigurationList section */
		7D3376EA2F67F6D200DA8BED /* Build configuration list for PBXProject "habit_track" */ = {
			isa = XCConfigurationList;
			buildConfigurations = (
				7D3377112F67F6D400DA8BED /* Debug */,
				7D3377122F67F6D400DA8BED /* Release */,
			);
			defaultConfigurationIsVisible = 0;
			defaultConfigurationName = Release;
		};
		7D3377132F67F6D400DA8BED /* Build configuration list for PBXNativeTarget "habit_track" */ = {
			isa = XCConfigurationList;
			buildConfigurations = (
				7D3377142F67F6D400DA8BED /* Debug */,
				7D3377152F67F6D400DA8BED /* Release */,
			);
			defaultConfigurationIsVisible = 0;
			defaultConfigurationName = Release;
		};
		7D3377162F67F6D400DA8BED /* Build configuration list for PBXNativeTarget "habit_trackTests" */ = {
			isa = XCConfigurationList;
			buildConfigurations = (
				7D3377172F67F6D400DA8BED /* Debug */,
				7D3377182F67F6D400DA8BED /* Release */,
			);
			defaultConfigurationIsVisible = 0;
			defaultConfigurationName = Release;
		};
		7D3377192F67F6D400DA8BED /* Build configuration list for PBXNativeTarget "habit_trackUITests" */ = {
			isa = XCConfigurationList;
			buildConfigurations = (
				7D33771A2F67F6D400DA8BED /* Debug */,
				7D33771B2F67F6D400DA8BED /* Release */,
			);
			defaultConfigurationIsVisible = 0;
			defaultConfigurationName = Release;
		};
		7D3377382F67FBC300DA8BED /* Build configuration list for PBXNativeTarget "HabitLockscreenWidgetExtensionExtension" */ = {
			isa = XCConfigurationList;
			buildConfigurations = (
				7D3377392F67FBC300DA8BED /* Debug */,
				7D33773A2F67FBC300DA8BED /* Release */,
			);
			defaultConfigurationIsVisible = 0;
			defaultConfigurationName = Release;
		};
/* End XCConfigurationList section */
	};
	rootObject = 7D3376E72F67F6D200DA8BED /* Project object */;
}
